
Microsoft Visual Studio Solution File, Format Version 12.00
# Visual Studio Version 16
VisualStudioVersion = 16.0.29920.165
MinimumVisualStudioVersion = 10.0.40219.1
Project("{FAE04EC0-301F-11D3-BF4B-00C04F79EFBC}") = "GrpcGreeter", "GrpcGreeter.csproj", "{9573BEFC-B412-4D4C-A815-F64BF5366EC9}"
EndProject
Global
	GlobalSection(SolutionConfigurationPlatforms) = preSolution
		Debug|Any CPU = Debug|Any CPU
		Release|Any CPU = Release|Any CPU
	EndGlobalSection
	GlobalSection(ProjectConfigurationPlatforms) = postSolution
		{9573BEFC-B412-4D4C-A815-F64BF5366EC9}.Debug|Any CPU.ActiveCfg = Debug|Any CPU
		{9573BEFC-B412-4D4C-A815-F64BF5366EC9}.Debug|Any CPU.Build.0 = Debug|Any CPU
		{9573BEFC-B412-4D4C-A815-F64BF5366EC9}.Release|Any CPU.ActiveCfg = Release|Any CPU
		{9573BEFC-B412-4D4C-A815-F64BF5366EC9}.Release|Any CPU.Build.0 = Release|Any CPU
	EndGlobalSection
	GlobalSection(SolutionProperties) = preSolution
		HideSolutionNode = FALSE
	EndGlobalSection
	GlobalSection(ExtensibilityGlobals) = postSolution
		SolutionGuid = {839FE97F-FFAF-4D9A-BB02-020712387F92}
	EndGlobalSection
EndGlobal
