
Microsoft Visual Studio Solution File, Format Version 12.00
# Visual Studio Version 16
VisualStudioVersion = 16.0.29920.165
MinimumVisualStudioVersion = 10.0.40219.1
Project("{FAE04EC0-301F-11D3-BF4B-00C04F79EFBC}") = "Asp_Mardari_Mihai_Rp", "Asp_Mardari_Mihai_Rp\Asp_Mardari_Mihai_Rp.csproj", "{CFAF6429-1FA3-4AE0-947A-ECAE0B7E3778}"
EndProject
Global
	GlobalSection(SolutionConfigurationPlatforms) = preSolution
		Debug|Any CPU = Debug|Any CPU
		Release|Any CPU = Release|Any CPU
	EndGlobalSection
	GlobalSection(ProjectConfigurationPlatforms) = postSolution
		{CFAF6429-1FA3-4AE0-947A-ECAE0B7E3778}.Debug|Any CPU.ActiveCfg = Debug|Any CPU
		{CFAF6429-1FA3-4AE0-947A-ECAE0B7E3778}.Debug|Any CPU.Build.0 = Debug|Any CPU
		{CFAF6429-1FA3-4AE0-947A-ECAE0B7E3778}.Release|Any CPU.ActiveCfg = Release|Any CPU
		{CFAF6429-1FA3-4AE0-947A-ECAE0B7E3778}.Release|Any CPU.Build.0 = Release|Any CPU
	EndGlobalSection
	GlobalSection(SolutionProperties) = preSolution
		HideSolutionNode = FALSE
	EndGlobalSection
	GlobalSection(ExtensibilityGlobals) = postSolution
		SolutionGuid = {0CCE54E9-4C7C-40B0-A46C-7EB61CC77C9D}
	EndGlobalSection
EndGlobal
